
Microsoft Visual Studio Solution File, Format Version 12.00
# Visual Studio Version 16
VisualStudioVersion = 16.0.31321.278
MinimumVisualStudioVersion = 10.0.40219.1
Project("{FAE04EC0-301F-11D3-BF4B-00C04F79EFBC}") = "MyFirstAzureWeb", "MyFirstAzureWeb\MyFirstAzureWeb.csproj", "{1EDA7E7B-22B3-4CB8-B0C1-F25010A5DC7A}"
EndProject
Global
	GlobalSection(SolutionConfigurationPlatforms) = preSolution
		Debug|Any CPU = Debug|Any CPU
		Release|Any CPU = Release|Any CPU
	EndGlobalSection
	GlobalSection(ProjectConfigurationPlatforms) = postSolution
		{1EDA7E7B-22B3-4CB8-B0C1-F25010A5DC7A}.Debug|Any CPU.ActiveCfg = Debug|Any CPU
		{1EDA7E7B-22B3-4CB8-B0C1-F25010A5DC7A}.Debug|Any CPU.Build.0 = Debug|Any CPU
		{1EDA7E7B-22B3-4CB8-B0C1-F25010A5DC7A}.Release|Any CPU.ActiveCfg = Release|Any CPU
		{1EDA7E7B-22B3-4CB8-B0C1-F25010A5DC7A}.Release|Any CPU.Build.0 = Release|Any CPU
	EndGlobalSection
	GlobalSection(SolutionProperties) = preSolution
		HideSolutionNode = FALSE
	EndGlobalSection
	GlobalSection(ExtensibilityGlobals) = postSolution
		SolutionGuid = {F9A1F98F-44BB-4941-81D5-A8C28C32F0B8}
	EndGlobalSection
EndGlobal
